<?xml version="1.0" encoding="UTF-8" standalone="yes" ?>
<CodeBlocks_project_file>
	<FileVersion major="1" minor="6" />
	<Project>
		<Option title="GameCore" />
		<Option pch_mode="2" />
		<Option compiler="gcc" />
		<Build>
			<Target title="Debug">
				<Option output="bin/Debug/GameCore" prefix_auto="1" extension_auto="1" />
				<Option object_output="obj/Debug/" />
				<Option type="3" />
				<Option compiler="gcc" />
				<Option createDefFile="1" />
				<Option createStaticLib="1" />
				<Compiler>
					<Add option="-Wall" />
					<Add option="-g" />
					<Add option="-DBUILD_DLL" />
				</Compiler>
				<Linker>
					<Add library="user32" />
					<Add library="../Util/bin/Debug/libUtil.a" />
					<Add library="../Network/bin/Debug/libNetwork.a" />
				</Linker>
			</Target>
			<Target title="Release">
				<Option output="bin/Release/GameCore" prefix_auto="1" extension_auto="1" />
				<Option object_output="obj/Release/" />
				<Option type="3" />
				<Option compiler="gcc" />
				<Option createDefFile="1" />
				<Option createStaticLib="1" />
				<Compiler>
					<Add option="-O2" />
					<Add option="-Wall" />
					<Add option="-DBUILD_DLL" />
				</Compiler>
				<Linker>
					<Add option="-s" />
					<Add library="user32" />
					<Add library="../Util/bin/Release/libUtil.a" />
					<Add library="../Network/bin/Release/libNetwork.a" />
				</Linker>
			</Target>
		</Build>
		<Compiler>
			<Add option="-Wextra" />
			<Add option="-Wall" />
			<Add option="-std=c++11" />
			<Add directory="../" />
		</Compiler>
		<ExtraCommands>
			<Add after='cmd /c copy &quot;$(PROJECT_DIR)$(TARGET_OUTPUT_FILE)&quot; &quot;$(PROJECT_DIR)..\Client\bin\$(TARGET_NAME)&quot;' />
			<Add after='cmd /c copy &quot;$(PROJECT_DIR)$(TARGET_OUTPUT_FILE)&quot; &quot;$(PROJECT_DIR)..\Server\bin\$(TARGET_NAME)&quot;' />
			<Mode after="always" />
		</ExtraCommands>
		<Unit filename="actor.cpp" />
		<Unit filename="actor.hpp" />
		<Unit filename="datamodel.cpp" />
		<Unit filename="datamodel.hpp" />
		<Unit filename="main.cpp" />
		<Unit filename="main.h" />
		<Unit filename="platform.cpp" />
		<Unit filename="platform.hpp" />
		<Unit filename="player.cpp" />
		<Unit filename="player.hpp" />
		<Unit filename="playerlist.cpp" />
		<Unit filename="playerlist.hpp" />
		<Unit filename="terrain.cpp" />
		<Unit filename="terrain.hpp" />
		<Unit filename="vector2.cpp" />
		<Unit filename="vector2.hpp" />
		<Unit filename="wall.cpp" />
		<Unit filename="wall.hpp" />
		<Unit filename="world.cpp" />
		<Unit filename="world.hpp" />
		<Extensions>
			<code_completion />
			<envvars />
			<debugger />
		</Extensions>
	</Project>
</CodeBlocks_project_file>
